
Microsoft Visual Studio Solution File, Format Version 12.00
# Visual Studio Version 17
VisualStudioVersion = 17.3.32804.467
MinimumVisualStudioVersion = 10.0.40219.1
Project("{9A19103F-16F7-4668-BE54-9A1E7A4F7556}") = "Bunsen.CLI", "Bunsen.CLI\Bunsen.CLI.csproj", "{42385FC9-DED8-44A4-9029-27FABE14A0CD}"
EndProject
Project("{9A19103F-16F7-4668-BE54-9A1E7A4F7556}") = "Bunsen.Models", "Bunsen.Models\Bunsen.Models.csproj", "{7B77DC80-6959-4A04-A014-019941649F22}"
EndProject
Project("{9A19103F-16F7-4668-BE54-9A1E7A4F7556}") = "Bunsen.API", "Bunsen.API\Bunsen.API.csproj", "{416C5EFC-28D0-4BD1-B4D3-749C8FD8D7A4}"
EndProject
Project("{9A19103F-16F7-4668-BE54-9A1E7A4F7556}") = "Bunsen.Data", "Bunsen.Data\Bunsen.Data.csproj", "{7BA1F1DF-A4C6-43CD-BD1C-ECC29DEB45C8}"
EndProject
Project("{9A19103F-16F7-4668-BE54-9A1E7A4F7556}") = "Bunsen.AppLib", "Bunsen.AppLib\Bunsen.AppLib.csproj", "{7603ED39-E0F5-4004-8415-06B370A77D8C}"
EndProject
Project("{9A19103F-16F7-4668-BE54-9A1E7A4F7556}") = "Bunsen.Bootstrap", "Bunsen.Bootstrap\Bunsen.Bootstrap.csproj", "{6B6BA20F-EB8F-4B60-9B44-84D56F9C9223}"
EndProject
Project("{9A19103F-16F7-4668-BE54-9A1E7A4F7556}") = "Bunsen.Utils", "Bunsen.Utils\Bunsen.Utils.csproj", "{F9413EBC-9882-4392-AE4B-7C8F107E0022}"
EndProject
Project("{2150E333-8FDC-42A3-9474-1A3956D46DE8}") = "Solution Items", "Solution Items", "{225F6E9C-DCEB-4919-9191-D197D9717D13}"
	ProjectSection(SolutionItems) = preProject
		LICENSE.txt = LICENSE.txt
		README.md = README.md
		.gitignore = .gitignore
	EndProjectSection
EndProject
Project("{9A19103F-16F7-4668-BE54-9A1E7A4F7556}") = "Bunsen.Test", "Bunsen.Test\Bunsen.Test.csproj", "{C198315E-37CB-4183-9183-A415D4CEECDD}"
EndProject
Project("{9A19103F-16F7-4668-BE54-9A1E7A4F7556}") = "Bunsen.ViewModels", "Bunsen.ViewModels\Bunsen.ViewModels.csproj", "{54DDE1EF-D37A-47B8-9ECF-9D03835DF752}"
EndProject
Project("{9A19103F-16F7-4668-BE54-9A1E7A4F7556}") = "Bunsen.Core", "Bunsen.Core\Bunsen.Core.csproj", "{0F8B91DA-0CF1-4ECD-9414-9FDCC33E7FCA}"
EndProject
Global
	GlobalSection(SolutionConfigurationPlatforms) = preSolution
		Debug|Any CPU = Debug|Any CPU
		Release|Any CPU = Release|Any CPU
	EndGlobalSection
	GlobalSection(ProjectConfigurationPlatforms) = postSolution
		{42385FC9-DED8-44A4-9029-27FABE14A0CD}.Debug|Any CPU.ActiveCfg = Debug|Any CPU
		{42385FC9-DED8-44A4-9029-27FABE14A0CD}.Debug|Any CPU.Build.0 = Debug|Any CPU
		{42385FC9-DED8-44A4-9029-27FABE14A0CD}.Release|Any CPU.ActiveCfg = Release|Any CPU
		{42385FC9-DED8-44A4-9029-27FABE14A0CD}.Release|Any CPU.Build.0 = Release|Any CPU
		{7B77DC80-6959-4A04-A014-019941649F22}.Debug|Any CPU.ActiveCfg = Debug|Any CPU
		{7B77DC80-6959-4A04-A014-019941649F22}.Debug|Any CPU.Build.0 = Debug|Any CPU
		{7B77DC80-6959-4A04-A014-019941649F22}.Release|Any CPU.ActiveCfg = Release|Any CPU
		{7B77DC80-6959-4A04-A014-019941649F22}.Release|Any CPU.Build.0 = Release|Any CPU
		{416C5EFC-28D0-4BD1-B4D3-749C8FD8D7A4}.Debug|Any CPU.ActiveCfg = Debug|Any CPU
		{416C5EFC-28D0-4BD1-B4D3-749C8FD8D7A4}.Debug|Any CPU.Build.0 = Debug|Any CPU
		{416C5EFC-28D0-4BD1-B4D3-749C8FD8D7A4}.Release|Any CPU.ActiveCfg = Release|Any CPU
		{416C5EFC-28D0-4BD1-B4D3-749C8FD8D7A4}.Release|Any CPU.Build.0 = Release|Any CPU
		{7BA1F1DF-A4C6-43CD-BD1C-ECC29DEB45C8}.Debug|Any CPU.ActiveCfg = Debug|Any CPU
		{7BA1F1DF-A4C6-43CD-BD1C-ECC29DEB45C8}.Debug|Any CPU.Build.0 = Debug|Any CPU
		{7BA1F1DF-A4C6-43CD-BD1C-ECC29DEB45C8}.Release|Any CPU.ActiveCfg = Release|Any CPU
		{7BA1F1DF-A4C6-43CD-BD1C-ECC29DEB45C8}.Release|Any CPU.Build.0 = Release|Any CPU
		{7603ED39-E0F5-4004-8415-06B370A77D8C}.Debug|Any CPU.ActiveCfg = Debug|Any CPU
		{7603ED39-E0F5-4004-8415-06B370A77D8C}.Debug|Any CPU.Build.0 = Debug|Any CPU
		{7603ED39-E0F5-4004-8415-06B370A77D8C}.Release|Any CPU.ActiveCfg = Release|Any CPU
		{7603ED39-E0F5-4004-8415-06B370A77D8C}.Release|Any CPU.Build.0 = Release|Any CPU
		{6B6BA20F-EB8F-4B60-9B44-84D56F9C9223}.Debug|Any CPU.ActiveCfg = Debug|Any CPU
		{6B6BA20F-EB8F-4B60-9B44-84D56F9C9223}.Debug|Any CPU.Build.0 = Debug|Any CPU
		{6B6BA20F-EB8F-4B60-9B44-84D56F9C9223}.Release|Any CPU.ActiveCfg = Release|Any CPU
		{6B6BA20F-EB8F-4B60-9B44-84D56F9C9223}.Release|Any CPU.Build.0 = Release|Any CPU
		{F9413EBC-9882-4392-AE4B-7C8F107E0022}.Debug|Any CPU.ActiveCfg = Debug|Any CPU
		{F9413EBC-9882-4392-AE4B-7C8F107E0022}.Debug|Any CPU.Build.0 = Debug|Any CPU
		{F9413EBC-9882-4392-AE4B-7C8F107E0022}.Release|Any CPU.ActiveCfg = Release|Any CPU
		{F9413EBC-9882-4392-AE4B-7C8F107E0022}.Release|Any CPU.Build.0 = Release|Any CPU
		{C198315E-37CB-4183-9183-A415D4CEECDD}.Debug|Any CPU.ActiveCfg = Debug|Any CPU
		{C198315E-37CB-4183-9183-A415D4CEECDD}.Debug|Any CPU.Build.0 = Debug|Any CPU
		{C198315E-37CB-4183-9183-A415D4CEECDD}.Release|Any CPU.ActiveCfg = Release|Any CPU
		{C198315E-37CB-4183-9183-A415D4CEECDD}.Release|Any CPU.Build.0 = Release|Any CPU
		{54DDE1EF-D37A-47B8-9ECF-9D03835DF752}.Debug|Any CPU.ActiveCfg = Debug|Any CPU
		{54DDE1EF-D37A-47B8-9ECF-9D03835DF752}.Debug|Any CPU.Build.0 = Debug|Any CPU
		{54DDE1EF-D37A-47B8-9ECF-9D03835DF752}.Release|Any CPU.ActiveCfg = Release|Any CPU
		{54DDE1EF-D37A-47B8-9ECF-9D03835DF752}.Release|Any CPU.Build.0 = Release|Any CPU
		{0F8B91DA-0CF1-4ECD-9414-9FDCC33E7FCA}.Debug|Any CPU.ActiveCfg = Debug|Any CPU
		{0F8B91DA-0CF1-4ECD-9414-9FDCC33E7FCA}.Debug|Any CPU.Build.0 = Debug|Any CPU
		{0F8B91DA-0CF1-4ECD-9414-9FDCC33E7FCA}.Release|Any CPU.ActiveCfg = Release|Any CPU
		{0F8B91DA-0CF1-4ECD-9414-9FDCC33E7FCA}.Release|Any CPU.Build.0 = Release|Any CPU
	EndGlobalSection
	GlobalSection(SolutionProperties) = preSolution
		HideSolutionNode = FALSE
	EndGlobalSection
	GlobalSection(ExtensibilityGlobals) = postSolution
		SolutionGuid = {5EB9E759-52D1-4587-953E-E0473F5AD7BC}
	EndGlobalSection
EndGlobal
